
Microsoft Visual Studio Solution File, Format Version 12.00
# Visual Studio Version 17
VisualStudioVersion = 17.13.35919.96 d17.13
MinimumVisualStudioVersion = 10.0.40219.1
Project("{FAE04EC0-301F-11D3-BF4B-00C04F79EFBC}") = "modul4_2311104065", "modul4_2311104065\modul4_2311104065.csproj", "{252AD37F-F2B0-4133-9469-E35E2381B0E2}"
EndProject
Global
	GlobalSection(SolutionConfigurationPlatforms) = preSolution
		Debug|Any CPU = Debug|Any CPU
		Release|Any CPU = Release|Any CPU
	EndGlobalSection
	GlobalSection(ProjectConfigurationPlatforms) = postSolution
		{252AD37F-F2B0-4133-9469-E35E2381B0E2}.Debug|Any CPU.ActiveCfg = Debug|Any CPU
		{252AD37F-F2B0-4133-9469-E35E2381B0E2}.Debug|Any CPU.Build.0 = Debug|Any CPU
		{252AD37F-F2B0-4133-9469-E35E2381B0E2}.Release|Any CPU.ActiveCfg = Release|Any CPU
		{252AD37F-F2B0-4133-9469-E35E2381B0E2}.Release|Any CPU.Build.0 = Release|Any CPU
	EndGlobalSection
	GlobalSection(SolutionProperties) = preSolution
		HideSolutionNode = FALSE
	EndGlobalSection
	GlobalSection(ExtensibilityGlobals) = postSolution
		SolutionGuid = {6F54915D-7D5B-4DAB-9EA3-BF7DCF7380E0}
	EndGlobalSection
EndGlobal
