
Microsoft Visual Studio Solution File, Format Version 12.00
# Visual Studio Version 17
VisualStudioVersion = 17.13.35919.96 d17.13
MinimumVisualStudioVersion = 10.0.40219.1
Project("{FAE04EC0-301F-11D3-BF4B-00C04F79EFBC}") = "modul6_2311104065", "modul6_2311104065\modul6_2311104065.csproj", "{98F6747F-E52C-4165-9F8C-259E179FDB2B}"
EndProject
Global
	GlobalSection(SolutionConfigurationPlatforms) = preSolution
		Debug|Any CPU = Debug|Any CPU
		Release|Any CPU = Release|Any CPU
	EndGlobalSection
	GlobalSection(ProjectConfigurationPlatforms) = postSolution
		{98F6747F-E52C-4165-9F8C-259E179FDB2B}.Debug|Any CPU.ActiveCfg = Debug|Any CPU
		{98F6747F-E52C-4165-9F8C-259E179FDB2B}.Debug|Any CPU.Build.0 = Debug|Any CPU
		{98F6747F-E52C-4165-9F8C-259E179FDB2B}.Release|Any CPU.ActiveCfg = Release|Any CPU
		{98F6747F-E52C-4165-9F8C-259E179FDB2B}.Release|Any CPU.Build.0 = Release|Any CPU
	EndGlobalSection
	GlobalSection(SolutionProperties) = preSolution
		HideSolutionNode = FALSE
	EndGlobalSection
	GlobalSection(ExtensibilityGlobals) = postSolution
		SolutionGuid = {415F1F1B-57D3-4928-ACC4-0FC66F6BF450}
	EndGlobalSection
EndGlobal
